
Microsoft Visual Studio Solution File, Format Version 12.00
# Visual Studio 15
VisualStudioVersion = 15.0.28307.779
MinimumVisualStudioVersion = 10.0.40219.1
Project("{FAE04EC0-301F-11D3-BF4B-00C04F79EFBC}") = "Benchmark.Sincronizador.original", "Benchmark.Sincronizador.original\Benchmark.Sincronizador.original.csproj", "{CBD4402A-E87C-41DB-9E3F-6835B3075EE9}"
EndProject
Project("{FAE04EC0-301F-11D3-BF4B-00C04F79EFBC}") = "Benchmark.Sincronizador.Optimizado", "Benchmark.Sincronizador.Optimizado\Benchmark.Sincronizador.Optimizado.csproj", "{11A423B6-51AF-44BC-8A72-164DE6FA01DB}"
EndProject
Project("{FAE04EC0-301F-11D3-BF4B-00C04F79EFBC}") = "DocumentConverter", "DocumentConverter\DocumentConverter.csproj", "{A4D4A0BA-C14B-4135-AF50-8B46C3BA878F}"
EndProject
Project("{FAE04EC0-301F-11D3-BF4B-00C04F79EFBC}") = "Model", "Model\Model.csproj", "{E681E7F2-F7EE-4442-B66C-BABBCF8543F0}"
EndProject
Global
	GlobalSection(SolutionConfigurationPlatforms) = preSolution
		Debug|Any CPU = Debug|Any CPU
		Release|Any CPU = Release|Any CPU
	EndGlobalSection
	GlobalSection(ProjectConfigurationPlatforms) = postSolution
		{CBD4402A-E87C-41DB-9E3F-6835B3075EE9}.Debug|Any CPU.ActiveCfg = Debug|Any CPU
		{CBD4402A-E87C-41DB-9E3F-6835B3075EE9}.Debug|Any CPU.Build.0 = Debug|Any CPU
		{CBD4402A-E87C-41DB-9E3F-6835B3075EE9}.Release|Any CPU.ActiveCfg = Release|Any CPU
		{CBD4402A-E87C-41DB-9E3F-6835B3075EE9}.Release|Any CPU.Build.0 = Release|Any CPU
		{11A423B6-51AF-44BC-8A72-164DE6FA01DB}.Debug|Any CPU.ActiveCfg = Debug|Any CPU
		{11A423B6-51AF-44BC-8A72-164DE6FA01DB}.Debug|Any CPU.Build.0 = Debug|Any CPU
		{11A423B6-51AF-44BC-8A72-164DE6FA01DB}.Release|Any CPU.ActiveCfg = Release|Any CPU
		{11A423B6-51AF-44BC-8A72-164DE6FA01DB}.Release|Any CPU.Build.0 = Release|Any CPU
		{A4D4A0BA-C14B-4135-AF50-8B46C3BA878F}.Debug|Any CPU.ActiveCfg = Debug|Any CPU
		{A4D4A0BA-C14B-4135-AF50-8B46C3BA878F}.Debug|Any CPU.Build.0 = Debug|Any CPU
		{A4D4A0BA-C14B-4135-AF50-8B46C3BA878F}.Release|Any CPU.ActiveCfg = Release|Any CPU
		{A4D4A0BA-C14B-4135-AF50-8B46C3BA878F}.Release|Any CPU.Build.0 = Release|Any CPU
		{E681E7F2-F7EE-4442-B66C-BABBCF8543F0}.Debug|Any CPU.ActiveCfg = Debug|Any CPU
		{E681E7F2-F7EE-4442-B66C-BABBCF8543F0}.Debug|Any CPU.Build.0 = Debug|Any CPU
		{E681E7F2-F7EE-4442-B66C-BABBCF8543F0}.Release|Any CPU.ActiveCfg = Release|Any CPU
		{E681E7F2-F7EE-4442-B66C-BABBCF8543F0}.Release|Any CPU.Build.0 = Release|Any CPU
	EndGlobalSection
	GlobalSection(SolutionProperties) = preSolution
		HideSolutionNode = FALSE
	EndGlobalSection
	GlobalSection(ExtensibilityGlobals) = postSolution
		SolutionGuid = {F7387F42-ED3E-4838-8481-3C00C819BCB3}
	EndGlobalSection
EndGlobal
